
Microsoft Visual Studio Solution File, Format Version 12.00
# Visual Studio 15
VisualStudioVersion = 15.0.27130.2010
MinimumVisualStudioVersion = 10.0.40219.1
Project("{FAE04EC0-301F-11D3-BF4B-00C04F79EFBC}") = "Bridge.sqlite-net", "Bridge.sqlite-net.csproj", "{1233E9BA-AF5F-4E11-A53F-29E0C50F14CB}"
EndProject
Global
	GlobalSection(SolutionConfigurationPlatforms) = preSolution
		Debug|Any CPU = Debug|Any CPU
		Release|Any CPU = Release|Any CPU
	EndGlobalSection
	GlobalSection(ProjectConfigurationPlatforms) = postSolution
		{1233E9BA-AF5F-4E11-A53F-29E0C50F14CB}.Debug|Any CPU.ActiveCfg = Debug|Any CPU
		{1233E9BA-AF5F-4E11-A53F-29E0C50F14CB}.Debug|Any CPU.Build.0 = Debug|Any CPU
		{1233E9BA-AF5F-4E11-A53F-29E0C50F14CB}.Release|Any CPU.ActiveCfg = Release|Any CPU
		{1233E9BA-AF5F-4E11-A53F-29E0C50F14CB}.Release|Any CPU.Build.0 = Release|Any CPU
	EndGlobalSection
	GlobalSection(SolutionProperties) = preSolution
		HideSolutionNode = FALSE
	EndGlobalSection
	GlobalSection(ExtensibilityGlobals) = postSolution
		SolutionGuid = {6D171768-A48E-4717-BF4B-D1AC22F5464C}
	EndGlobalSection
EndGlobal
